
Microsoft Visual Studio Solution File, Format Version 12.00
# Visual Studio 2013
VisualStudioVersion = 12.0.40629.0
MinimumVisualStudioVersion = 10.0.40219.1
Project("{2150E333-8FDC-42A3-9474-1A3956D46DE8}") = "Engine", "Engine", "{027D6BF8-71C4-4B3C-AA16-A19CE1352ABA}"
EndProject
Project("{8BC9CEB8-8B4A-11D0-8D11-00A0C91BC942}") = "Common", "Projects\Engine\Common\Common.vcxproj", "{611AEA51-4FD7-43EF-92B3-0C5D8C799B27}"
EndProject
Project("{8BC9CEB8-8B4A-11D0-8D11-00A0C91BC942}") = "Graphics", "Projects\Engine\Graphics\Graphics.vcxproj", "{5C51A00D-EBA4-480E-AC7C-0F44BC21C35F}"
	ProjectSection(ProjectDependencies) = postProject
		{AB60354C-7AF9-4904-86B2-4B01DE57E6A6} = {AB60354C-7AF9-4904-86B2-4B01DE57E6A6}
		{611AEA51-4FD7-43EF-92B3-0C5D8C799B27} = {611AEA51-4FD7-43EF-92B3-0C5D8C799B27}
		{9C885EDB-DD2F-4F17-AEBC-3872D03822E6} = {9C885EDB-DD2F-4F17-AEBC-3872D03822E6}
	EndProjectSection
EndProject
Project("{8BC9CEB8-8B4A-11D0-8D11-00A0C91BC942}") = "Memory", "Projects\Engine\Memory\Memory.vcxproj", "{AB60354C-7AF9-4904-86B2-4B01DE57E6A6}"
EndProject
Project("{8BC9CEB8-8B4A-11D0-8D11-00A0C91BC942}") = "Debug", "Projects\Engine\Debug\Debug.vcxproj", "{9C885EDB-DD2F-4F17-AEBC-3872D03822E6}"
EndProject
Project("{8BC9CEB8-8B4A-11D0-8D11-00A0C91BC942}") = "TestBed", "Projects\TestBed\TestBed.vcxproj", "{8AE520E0-EC45-4C3F-9106-920AB97726AA}"
	ProjectSection(ProjectDependencies) = postProject
		{5C51A00D-EBA4-480E-AC7C-0F44BC21C35F} = {5C51A00D-EBA4-480E-AC7C-0F44BC21C35F}
		{AB60354C-7AF9-4904-86B2-4B01DE57E6A6} = {AB60354C-7AF9-4904-86B2-4B01DE57E6A6}
		{611AEA51-4FD7-43EF-92B3-0C5D8C799B27} = {611AEA51-4FD7-43EF-92B3-0C5D8C799B27}
		{99B90A98-5645-4388-814D-986D512FAA70} = {99B90A98-5645-4388-814D-986D512FAA70}
		{9C885EDB-DD2F-4F17-AEBC-3872D03822E6} = {9C885EDB-DD2F-4F17-AEBC-3872D03822E6}
	EndProjectSection
EndProject
Project("{8BC9CEB8-8B4A-11D0-8D11-00A0C91BC942}") = "Framework", "Projects\Engine\Framework\Framework.vcxproj", "{31850E3C-600A-46A2-A848-39E3CB520E70}"
EndProject
Project("{8BC9CEB8-8B4A-11D0-8D11-00A0C91BC942}") = "Core", "Projects\Engine\Core\Core.vcxproj", "{523DF5B2-CD93-40D5-8D72-9A4C22B17D81}"
	ProjectSection(ProjectDependencies) = postProject
		{99B90A98-5645-4388-814D-986D512FAA70} = {99B90A98-5645-4388-814D-986D512FAA70}
	EndProjectSection
EndProject
Project("{8BC9CEB8-8B4A-11D0-8D11-00A0C91BC942}") = "Math", "Projects\Engine\Math\Math.vcxproj", "{316DE0CB-002A-40BC-BD4B-08D1C59693E1}"
EndProject
Project("{2150E333-8FDC-42A3-9474-1A3956D46DE8}") = "Tools", "Tools", "{1A8F101C-85ED-4594-AD48-2C8073061175}"
EndProject
Project("{8BC9CEB8-8B4A-11D0-8D11-00A0C91BC942}") = "ImageConverter", "Projects\Tools\ImageConverter\ImageConverter.vcxproj", "{6B2544AB-5550-420E-9F4E-396974F6A45B}"
EndProject
Project("{8BC9CEB8-8B4A-11D0-8D11-00A0C91BC942}") = "Scene", "Projects\Engine\Scene\Scene.vcxproj", "{9B402425-C372-444D-9030-AC6E0273EA39}"
EndProject
Project("{8BC9CEB8-8B4A-11D0-8D11-00A0C91BC942}") = "Physics2D", "Projects\Engine\Physics2D\Physics2D.vcxproj", "{58CC8F46-A469-4841-88C2-B99FE597B112}"
EndProject
Project("{2150E333-8FDC-42A3-9474-1A3956D46DE8}") = "ThirdParty", "ThirdParty", "{0CC63D22-5484-4347-91CD-4C8B59184AE5}"
EndProject
Project("{8BC9CEB8-8B4A-11D0-8D11-00A0C91BC942}") = "Lua", "Projects\ThirdParty\Lua\Lua.vcxproj", "{99B90A98-5645-4388-814D-986D512FAA70}"
EndProject
Global
	GlobalSection(SolutionConfigurationPlatforms) = preSolution
		Debug|Any CPU = Debug|Any CPU
		Debug|Mixed Platforms = Debug|Mixed Platforms
		Debug|Win32 = Debug|Win32
		Debug|x64 = Debug|x64
		Release|Any CPU = Release|Any CPU
		Release|Mixed Platforms = Release|Mixed Platforms
		Release|Win32 = Release|Win32
		Release|x64 = Release|x64
	EndGlobalSection
	GlobalSection(ProjectConfigurationPlatforms) = postSolution
		{611AEA51-4FD7-43EF-92B3-0C5D8C799B27}.Debug|Any CPU.ActiveCfg = Debug|Win32
		{611AEA51-4FD7-43EF-92B3-0C5D8C799B27}.Debug|Mixed Platforms.ActiveCfg = Debug|Win32
		{611AEA51-4FD7-43EF-92B3-0C5D8C799B27}.Debug|Mixed Platforms.Build.0 = Debug|Win32
		{611AEA51-4FD7-43EF-92B3-0C5D8C799B27}.Debug|Win32.ActiveCfg = Debug|Win32
		{611AEA51-4FD7-43EF-92B3-0C5D8C799B27}.Debug|Win32.Build.0 = Debug|Win32
		{611AEA51-4FD7-43EF-92B3-0C5D8C799B27}.Debug|x64.ActiveCfg = Debug|x64
		{611AEA51-4FD7-43EF-92B3-0C5D8C799B27}.Debug|x64.Build.0 = Debug|x64
		{611AEA51-4FD7-43EF-92B3-0C5D8C799B27}.Release|Any CPU.ActiveCfg = Release|Win32
		{611AEA51-4FD7-43EF-92B3-0C5D8C799B27}.Release|Mixed Platforms.ActiveCfg = Release|Win32
		{611AEA51-4FD7-43EF-92B3-0C5D8C799B27}.Release|Mixed Platforms.Build.0 = Release|Win32
		{611AEA51-4FD7-43EF-92B3-0C5D8C799B27}.Release|Win32.ActiveCfg = Release|Win32
		{611AEA51-4FD7-43EF-92B3-0C5D8C799B27}.Release|Win32.Build.0 = Release|Win32
		{611AEA51-4FD7-43EF-92B3-0C5D8C799B27}.Release|x64.ActiveCfg = Release|x64
		{611AEA51-4FD7-43EF-92B3-0C5D8C799B27}.Release|x64.Build.0 = Release|x64
		{5C51A00D-EBA4-480E-AC7C-0F44BC21C35F}.Debug|Any CPU.ActiveCfg = Debug|Win32
		{5C51A00D-EBA4-480E-AC7C-0F44BC21C35F}.Debug|Mixed Platforms.ActiveCfg = Debug|Win32
		{5C51A00D-EBA4-480E-AC7C-0F44BC21C35F}.Debug|Mixed Platforms.Build.0 = Debug|Win32
		{5C51A00D-EBA4-480E-AC7C-0F44BC21C35F}.Debug|Win32.ActiveCfg = Debug|Win32
		{5C51A00D-EBA4-480E-AC7C-0F44BC21C35F}.Debug|Win32.Build.0 = Debug|Win32
		{5C51A00D-EBA4-480E-AC7C-0F44BC21C35F}.Debug|x64.ActiveCfg = Debug|x64
		{5C51A00D-EBA4-480E-AC7C-0F44BC21C35F}.Debug|x64.Build.0 = Debug|x64
		{5C51A00D-EBA4-480E-AC7C-0F44BC21C35F}.Release|Any CPU.ActiveCfg = Release|Win32
		{5C51A00D-EBA4-480E-AC7C-0F44BC21C35F}.Release|Mixed Platforms.ActiveCfg = Release|Win32
		{5C51A00D-EBA4-480E-AC7C-0F44BC21C35F}.Release|Mixed Platforms.Build.0 = Release|Win32
		{5C51A00D-EBA4-480E-AC7C-0F44BC21C35F}.Release|Win32.ActiveCfg = Release|Win32
		{5C51A00D-EBA4-480E-AC7C-0F44BC21C35F}.Release|Win32.Build.0 = Release|Win32
		{5C51A00D-EBA4-480E-AC7C-0F44BC21C35F}.Release|x64.ActiveCfg = Release|x64
		{5C51A00D-EBA4-480E-AC7C-0F44BC21C35F}.Release|x64.Build.0 = Release|x64
		{AB60354C-7AF9-4904-86B2-4B01DE57E6A6}.Debug|Any CPU.ActiveCfg = Debug|Win32
		{AB60354C-7AF9-4904-86B2-4B01DE57E6A6}.Debug|Mixed Platforms.ActiveCfg = Debug|Win32
		{AB60354C-7AF9-4904-86B2-4B01DE57E6A6}.Debug|Mixed Platforms.Build.0 = Debug|Win32
		{AB60354C-7AF9-4904-86B2-4B01DE57E6A6}.Debug|Win32.ActiveCfg = Debug|Win32
		{AB60354C-7AF9-4904-86B2-4B01DE57E6A6}.Debug|Win32.Build.0 = Debug|Win32
		{AB60354C-7AF9-4904-86B2-4B01DE57E6A6}.Debug|x64.ActiveCfg = Debug|x64
		{AB60354C-7AF9-4904-86B2-4B01DE57E6A6}.Debug|x64.Build.0 = Debug|x64
		{AB60354C-7AF9-4904-86B2-4B01DE57E6A6}.Release|Any CPU.ActiveCfg = Release|Win32
		{AB60354C-7AF9-4904-86B2-4B01DE57E6A6}.Release|Mixed Platforms.ActiveCfg = Release|Win32
		{AB60354C-7AF9-4904-86B2-4B01DE57E6A6}.Release|Mixed Platforms.Build.0 = Release|Win32
		{AB60354C-7AF9-4904-86B2-4B01DE57E6A6}.Release|Win32.ActiveCfg = Release|Win32
		{AB60354C-7AF9-4904-86B2-4B01DE57E6A6}.Release|Win32.Build.0 = Release|Win32
		{AB60354C-7AF9-4904-86B2-4B01DE57E6A6}.Release|x64.ActiveCfg = Release|x64
		{AB60354C-7AF9-4904-86B2-4B01DE57E6A6}.Release|x64.Build.0 = Release|x64
		{9C885EDB-DD2F-4F17-AEBC-3872D03822E6}.Debug|Any CPU.ActiveCfg = Debug|Win32
		{9C885EDB-DD2F-4F17-AEBC-3872D03822E6}.Debug|Mixed Platforms.ActiveCfg = Debug|Win32
		{9C885EDB-DD2F-4F17-AEBC-3872D03822E6}.Debug|Mixed Platforms.Build.0 = Debug|Win32
		{9C885EDB-DD2F-4F17-AEBC-3872D03822E6}.Debug|Win32.ActiveCfg = Debug|Win32
		{9C885EDB-DD2F-4F17-AEBC-3872D03822E6}.Debug|Win32.Build.0 = Debug|Win32
		{9C885EDB-DD2F-4F17-AEBC-3872D03822E6}.Debug|x64.ActiveCfg = Debug|x64
		{9C885EDB-DD2F-4F17-AEBC-3872D03822E6}.Debug|x64.Build.0 = Debug|x64
		{9C885EDB-DD2F-4F17-AEBC-3872D03822E6}.Release|Any CPU.ActiveCfg = Release|Win32
		{9C885EDB-DD2F-4F17-AEBC-3872D03822E6}.Release|Mixed Platforms.ActiveCfg = Release|Win32
		{9C885EDB-DD2F-4F17-AEBC-3872D03822E6}.Release|Mixed Platforms.Build.0 = Release|Win32
		{9C885EDB-DD2F-4F17-AEBC-3872D03822E6}.Release|Win32.ActiveCfg = Release|Win32
		{9C885EDB-DD2F-4F17-AEBC-3872D03822E6}.Release|Win32.Build.0 = Release|Win32
		{9C885EDB-DD2F-4F17-AEBC-3872D03822E6}.Release|x64.ActiveCfg = Release|x64
		{9C885EDB-DD2F-4F17-AEBC-3872D03822E6}.Release|x64.Build.0 = Release|x64
		{8AE520E0-EC45-4C3F-9106-920AB97726AA}.Debug|Any CPU.ActiveCfg = Debug|Win32
		{8AE520E0-EC45-4C3F-9106-920AB97726AA}.Debug|Mixed Platforms.ActiveCfg = Debug|Win32
		{8AE520E0-EC45-4C3F-9106-920AB97726AA}.Debug|Mixed Platforms.Build.0 = Debug|Win32
		{8AE520E0-EC45-4C3F-9106-920AB97726AA}.Debug|Win32.ActiveCfg = Debug|Win32
		{8AE520E0-EC45-4C3F-9106-920AB97726AA}.Debug|Win32.Build.0 = Debug|Win32
		{8AE520E0-EC45-4C3F-9106-920AB97726AA}.Debug|x64.ActiveCfg = Debug|x64
		{8AE520E0-EC45-4C3F-9106-920AB97726AA}.Debug|x64.Build.0 = Debug|x64
		{8AE520E0-EC45-4C3F-9106-920AB97726AA}.Release|Any CPU.ActiveCfg = Release|Win32
		{8AE520E0-EC45-4C3F-9106-920AB97726AA}.Release|Mixed Platforms.ActiveCfg = Release|Win32
		{8AE520E0-EC45-4C3F-9106-920AB97726AA}.Release|Mixed Platforms.Build.0 = Release|Win32
		{8AE520E0-EC45-4C3F-9106-920AB97726AA}.Release|Win32.ActiveCfg = Release|Win32
		{8AE520E0-EC45-4C3F-9106-920AB97726AA}.Release|Win32.Build.0 = Release|Win32
		{8AE520E0-EC45-4C3F-9106-920AB97726AA}.Release|x64.ActiveCfg = Release|Win32
		{31850E3C-600A-46A2-A848-39E3CB520E70}.Debug|Any CPU.ActiveCfg = Debug|Win32
		{31850E3C-600A-46A2-A848-39E3CB520E70}.Debug|Mixed Platforms.ActiveCfg = Debug|Win32
		{31850E3C-600A-46A2-A848-39E3CB520E70}.Debug|Mixed Platforms.Build.0 = Debug|Win32
		{31850E3C-600A-46A2-A848-39E3CB520E70}.Debug|Win32.ActiveCfg = Debug|Win32
		{31850E3C-600A-46A2-A848-39E3CB520E70}.Debug|Win32.Build.0 = Debug|Win32
		{31850E3C-600A-46A2-A848-39E3CB520E70}.Debug|x64.ActiveCfg = Debug|x64
		{31850E3C-600A-46A2-A848-39E3CB520E70}.Debug|x64.Build.0 = Debug|x64
		{31850E3C-600A-46A2-A848-39E3CB520E70}.Release|Any CPU.ActiveCfg = Release|Win32
		{31850E3C-600A-46A2-A848-39E3CB520E70}.Release|Mixed Platforms.ActiveCfg = Release|Win32
		{31850E3C-600A-46A2-A848-39E3CB520E70}.Release|Mixed Platforms.Build.0 = Release|Win32
		{31850E3C-600A-46A2-A848-39E3CB520E70}.Release|Win32.ActiveCfg = Release|Win32
		{31850E3C-600A-46A2-A848-39E3CB520E70}.Release|Win32.Build.0 = Release|Win32
		{31850E3C-600A-46A2-A848-39E3CB520E70}.Release|x64.ActiveCfg = Release|x64
		{31850E3C-600A-46A2-A848-39E3CB520E70}.Release|x64.Build.0 = Release|x64
		{523DF5B2-CD93-40D5-8D72-9A4C22B17D81}.Debug|Any CPU.ActiveCfg = Debug|Win32
		{523DF5B2-CD93-40D5-8D72-9A4C22B17D81}.Debug|Mixed Platforms.ActiveCfg = Debug|Win32
		{523DF5B2-CD93-40D5-8D72-9A4C22B17D81}.Debug|Mixed Platforms.Build.0 = Debug|Win32
		{523DF5B2-CD93-40D5-8D72-9A4C22B17D81}.Debug|Win32.ActiveCfg = Debug|Win32
		{523DF5B2-CD93-40D5-8D72-9A4C22B17D81}.Debug|Win32.Build.0 = Debug|Win32
		{523DF5B2-CD93-40D5-8D72-9A4C22B17D81}.Debug|x64.ActiveCfg = Debug|x64
		{523DF5B2-CD93-40D5-8D72-9A4C22B17D81}.Debug|x64.Build.0 = Debug|x64
		{523DF5B2-CD93-40D5-8D72-9A4C22B17D81}.Release|Any CPU.ActiveCfg = Release|Win32
		{523DF5B2-CD93-40D5-8D72-9A4C22B17D81}.Release|Mixed Platforms.ActiveCfg = Release|Win32
		{523DF5B2-CD93-40D5-8D72-9A4C22B17D81}.Release|Mixed Platforms.Build.0 = Release|Win32
		{523DF5B2-CD93-40D5-8D72-9A4C22B17D81}.Release|Win32.ActiveCfg = Release|Win32
		{523DF5B2-CD93-40D5-8D72-9A4C22B17D81}.Release|Win32.Build.0 = Release|Win32
		{523DF5B2-CD93-40D5-8D72-9A4C22B17D81}.Release|x64.ActiveCfg = Release|x64
		{523DF5B2-CD93-40D5-8D72-9A4C22B17D81}.Release|x64.Build.0 = Release|x64
		{316DE0CB-002A-40BC-BD4B-08D1C59693E1}.Debug|Any CPU.ActiveCfg = Debug|Win32
		{316DE0CB-002A-40BC-BD4B-08D1C59693E1}.Debug|Mixed Platforms.ActiveCfg = Debug|Win32
		{316DE0CB-002A-40BC-BD4B-08D1C59693E1}.Debug|Mixed Platforms.Build.0 = Debug|Win32
		{316DE0CB-002A-40BC-BD4B-08D1C59693E1}.Debug|Win32.ActiveCfg = Debug|Win32
		{316DE0CB-002A-40BC-BD4B-08D1C59693E1}.Debug|Win32.Build.0 = Debug|Win32
		{316DE0CB-002A-40BC-BD4B-08D1C59693E1}.Debug|x64.ActiveCfg = Debug|x64
		{316DE0CB-002A-40BC-BD4B-08D1C59693E1}.Debug|x64.Build.0 = Debug|x64
		{316DE0CB-002A-40BC-BD4B-08D1C59693E1}.Release|Any CPU.ActiveCfg = Release|Win32
		{316DE0CB-002A-40BC-BD4B-08D1C59693E1}.Release|Mixed Platforms.ActiveCfg = Release|Win32
		{316DE0CB-002A-40BC-BD4B-08D1C59693E1}.Release|Mixed Platforms.Build.0 = Release|Win32
		{316DE0CB-002A-40BC-BD4B-08D1C59693E1}.Release|Win32.ActiveCfg = Release|Win32
		{316DE0CB-002A-40BC-BD4B-08D1C59693E1}.Release|Win32.Build.0 = Release|Win32
		{316DE0CB-002A-40BC-BD4B-08D1C59693E1}.Release|x64.ActiveCfg = Release|x64
		{316DE0CB-002A-40BC-BD4B-08D1C59693E1}.Release|x64.Build.0 = Release|x64
		{6B2544AB-5550-420E-9F4E-396974F6A45B}.Debug|Any CPU.ActiveCfg = Debug|Win32
		{6B2544AB-5550-420E-9F4E-396974F6A45B}.Debug|Mixed Platforms.ActiveCfg = Debug|Win32
		{6B2544AB-5550-420E-9F4E-396974F6A45B}.Debug|Mixed Platforms.Build.0 = Debug|Win32
		{6B2544AB-5550-420E-9F4E-396974F6A45B}.Debug|Win32.ActiveCfg = Debug|Win32
		{6B2544AB-5550-420E-9F4E-396974F6A45B}.Debug|Win32.Build.0 = Debug|Win32
		{6B2544AB-5550-420E-9F4E-396974F6A45B}.Debug|x64.ActiveCfg = Debug|x64
		{6B2544AB-5550-420E-9F4E-396974F6A45B}.Debug|x64.Build.0 = Debug|x64
		{6B2544AB-5550-420E-9F4E-396974F6A45B}.Release|Any CPU.ActiveCfg = Release|Win32
		{6B2544AB-5550-420E-9F4E-396974F6A45B}.Release|Mixed Platforms.ActiveCfg = Release|Win32
		{6B2544AB-5550-420E-9F4E-396974F6A45B}.Release|Mixed Platforms.Build.0 = Release|Win32
		{6B2544AB-5550-420E-9F4E-396974F6A45B}.Release|Win32.ActiveCfg = Release|Win32
		{6B2544AB-5550-420E-9F4E-396974F6A45B}.Release|Win32.Build.0 = Release|Win32
		{6B2544AB-5550-420E-9F4E-396974F6A45B}.Release|x64.ActiveCfg = Release|x64
		{6B2544AB-5550-420E-9F4E-396974F6A45B}.Release|x64.Build.0 = Release|x64
		{9B402425-C372-444D-9030-AC6E0273EA39}.Debug|Any CPU.ActiveCfg = Debug|Win32
		{9B402425-C372-444D-9030-AC6E0273EA39}.Debug|Mixed Platforms.ActiveCfg = Debug|Win32
		{9B402425-C372-444D-9030-AC6E0273EA39}.Debug|Mixed Platforms.Build.0 = Debug|Win32
		{9B402425-C372-444D-9030-AC6E0273EA39}.Debug|Win32.ActiveCfg = Debug|Win32
		{9B402425-C372-444D-9030-AC6E0273EA39}.Debug|Win32.Build.0 = Debug|Win32
		{9B402425-C372-444D-9030-AC6E0273EA39}.Debug|x64.ActiveCfg = Debug|x64
		{9B402425-C372-444D-9030-AC6E0273EA39}.Debug|x64.Build.0 = Debug|x64
		{9B402425-C372-444D-9030-AC6E0273EA39}.Release|Any CPU.ActiveCfg = Release|Win32
		{9B402425-C372-444D-9030-AC6E0273EA39}.Release|Mixed Platforms.ActiveCfg = Release|Win32
		{9B402425-C372-444D-9030-AC6E0273EA39}.Release|Mixed Platforms.Build.0 = Release|Win32
		{9B402425-C372-444D-9030-AC6E0273EA39}.Release|Win32.ActiveCfg = Release|Win32
		{9B402425-C372-444D-9030-AC6E0273EA39}.Release|Win32.Build.0 = Release|Win32
		{9B402425-C372-444D-9030-AC6E0273EA39}.Release|x64.ActiveCfg = Release|x64
		{9B402425-C372-444D-9030-AC6E0273EA39}.Release|x64.Build.0 = Release|x64
		{58CC8F46-A469-4841-88C2-B99FE597B112}.Debug|Any CPU.ActiveCfg = Debug|Win32
		{58CC8F46-A469-4841-88C2-B99FE597B112}.Debug|Mixed Platforms.ActiveCfg = Debug|Win32
		{58CC8F46-A469-4841-88C2-B99FE597B112}.Debug|Mixed Platforms.Build.0 = Debug|Win32
		{58CC8F46-A469-4841-88C2-B99FE597B112}.Debug|Win32.ActiveCfg = Debug|Win32
		{58CC8F46-A469-4841-88C2-B99FE597B112}.Debug|Win32.Build.0 = Debug|Win32
		{58CC8F46-A469-4841-88C2-B99FE597B112}.Debug|x64.ActiveCfg = Debug|x64
		{58CC8F46-A469-4841-88C2-B99FE597B112}.Debug|x64.Build.0 = Debug|x64
		{58CC8F46-A469-4841-88C2-B99FE597B112}.Release|Any CPU.ActiveCfg = Release|Win32
		{58CC8F46-A469-4841-88C2-B99FE597B112}.Release|Mixed Platforms.ActiveCfg = Release|Win32
		{58CC8F46-A469-4841-88C2-B99FE597B112}.Release|Mixed Platforms.Build.0 = Release|Win32
		{58CC8F46-A469-4841-88C2-B99FE597B112}.Release|Win32.ActiveCfg = Release|Win32
		{58CC8F46-A469-4841-88C2-B99FE597B112}.Release|Win32.Build.0 = Release|Win32
		{58CC8F46-A469-4841-88C2-B99FE597B112}.Release|x64.ActiveCfg = Release|x64
		{58CC8F46-A469-4841-88C2-B99FE597B112}.Release|x64.Build.0 = Release|x64
		{99B90A98-5645-4388-814D-986D512FAA70}.Debug|Any CPU.ActiveCfg = Debug|Win32
		{99B90A98-5645-4388-814D-986D512FAA70}.Debug|Mixed Platforms.ActiveCfg = Debug|Win32
		{99B90A98-5645-4388-814D-986D512FAA70}.Debug|Mixed Platforms.Build.0 = Debug|Win32
		{99B90A98-5645-4388-814D-986D512FAA70}.Debug|Win32.ActiveCfg = Debug|Win32
		{99B90A98-5645-4388-814D-986D512FAA70}.Debug|Win32.Build.0 = Debug|Win32
		{99B90A98-5645-4388-814D-986D512FAA70}.Debug|x64.ActiveCfg = Debug|x64
		{99B90A98-5645-4388-814D-986D512FAA70}.Debug|x64.Build.0 = Debug|x64
		{99B90A98-5645-4388-814D-986D512FAA70}.Release|Any CPU.ActiveCfg = Release|Win32
		{99B90A98-5645-4388-814D-986D512FAA70}.Release|Mixed Platforms.ActiveCfg = Release|Win32
		{99B90A98-5645-4388-814D-986D512FAA70}.Release|Mixed Platforms.Build.0 = Release|Win32
		{99B90A98-5645-4388-814D-986D512FAA70}.Release|Win32.ActiveCfg = Release|Win32
		{99B90A98-5645-4388-814D-986D512FAA70}.Release|Win32.Build.0 = Release|Win32
		{99B90A98-5645-4388-814D-986D512FAA70}.Release|x64.ActiveCfg = Release|x64
		{99B90A98-5645-4388-814D-986D512FAA70}.Release|x64.Build.0 = Release|x64
	EndGlobalSection
	GlobalSection(SolutionProperties) = preSolution
		HideSolutionNode = FALSE
	EndGlobalSection
	GlobalSection(NestedProjects) = preSolution
		{611AEA51-4FD7-43EF-92B3-0C5D8C799B27} = {027D6BF8-71C4-4B3C-AA16-A19CE1352ABA}
		{5C51A00D-EBA4-480E-AC7C-0F44BC21C35F} = {027D6BF8-71C4-4B3C-AA16-A19CE1352ABA}
		{AB60354C-7AF9-4904-86B2-4B01DE57E6A6} = {027D6BF8-71C4-4B3C-AA16-A19CE1352ABA}
		{9C885EDB-DD2F-4F17-AEBC-3872D03822E6} = {027D6BF8-71C4-4B3C-AA16-A19CE1352ABA}
		{31850E3C-600A-46A2-A848-39E3CB520E70} = {027D6BF8-71C4-4B3C-AA16-A19CE1352ABA}
		{523DF5B2-CD93-40D5-8D72-9A4C22B17D81} = {027D6BF8-71C4-4B3C-AA16-A19CE1352ABA}
		{316DE0CB-002A-40BC-BD4B-08D1C59693E1} = {027D6BF8-71C4-4B3C-AA16-A19CE1352ABA}
		{6B2544AB-5550-420E-9F4E-396974F6A45B} = {1A8F101C-85ED-4594-AD48-2C8073061175}
		{9B402425-C372-444D-9030-AC6E0273EA39} = {027D6BF8-71C4-4B3C-AA16-A19CE1352ABA}
		{58CC8F46-A469-4841-88C2-B99FE597B112} = {027D6BF8-71C4-4B3C-AA16-A19CE1352ABA}
		{99B90A98-5645-4388-814D-986D512FAA70} = {0CC63D22-5484-4347-91CD-4C8B59184AE5}
	EndGlobalSection
EndGlobal
