<?xml version="1.0" encoding="utf-8"?>
<Project ToolsVersion="4.0" xmlns="http://schemas.microsoft.com/developer/msbuild/2003">
  <ItemGroup>
    <ClCompile Include="Application.cpp" />
    <ClCompile Include="SpriteRenderSystem.cpp">
      <Filter>Systems</Filter>
    </ClCompile>
    <ClCompile Include="ComponentManager.cpp" />
    <ClCompile Include="GameObject.cpp" />
    <ClCompile Include="Input.cpp" />
    <ClCompile Include="ScriptSystem.cpp">
      <Filter>Systems</Filter>
    </ClCompile>
    <ClCompile Include="ChildSystem.cpp">
      <Filter>Systems</Filter>
    </ClCompile>
    <ClCompile Include="RotateSystem2D.cpp">
      <Filter>Systems</Filter>
    </ClCompile>
  </ItemGroup>
  <ItemGroup>
    <ClInclude Include="Application.h" />
    <ClInclude Include="GameObject.h" />
    <ClInclude Include="System.h" />
    <ClInclude Include="Component.h" />
    <ClInclude Include="SpriteComponent.h">
      <Filter>Components</Filter>
    </ClInclude>
    <ClInclude Include="TransformComponent.h">
      <Filter>Components</Filter>
    </ClInclude>
    <ClInclude Include="SpriteRenderSystem.h">
      <Filter>Systems</Filter>
    </ClInclude>
    <ClInclude Include="ComponentManager.h" />
    <ClInclude Include="Input.h" />
    <ClInclude Include="ChildComponent.h">
      <Filter>Components</Filter>
    </ClInclude>
    <ClInclude Include="ScriptComponent.h">
      <Filter>Components</Filter>
    </ClInclude>
    <ClInclude Include="ScriptSystem.h">
      <Filter>Systems</Filter>
    </ClInclude>
    <ClInclude Include="ChildSystem.h">
      <Filter>Systems</Filter>
    </ClInclude>
    <ClInclude Include="EventManager.h" />
    <ClInclude Include="RotatorComponent2D.h">
      <Filter>Components</Filter>
    </ClInclude>
    <ClInclude Include="RotateSystem2D.h">
      <Filter>Systems</Filter>
    </ClInclude>
    <ClInclude Include="GFXDeviceComponent.h">
      <Filter>Components</Filter>
    </ClInclude>
    <ClInclude Include="GameObjectID.h">
      <Filter>Components</Filter>
    </ClInclude>
  </ItemGroup>
  <ItemGroup>
    <Filter Include="Components">
      <UniqueIdentifier>{7122f9da-2080-416e-90f9-8bd45cec6fd5}</UniqueIdentifier>
    </Filter>
    <Filter Include="Systems">
      <UniqueIdentifier>{77ce6b7d-2adf-4252-b946-740c8944ce93}</UniqueIdentifier>
    </Filter>
  </ItemGroup>
</Project>