<?xml version="1.0" encoding="utf-8"?>
<Project ToolsVersion="4.0" xmlns="http://schemas.microsoft.com/developer/msbuild/2003">
  <ItemGroup>
    <ClCompile Include="Timer.cpp" />
    <ClCompile Include="_win\FileSystem.cpp">
      <Filter>_win</Filter>
    </ClCompile>
    <ClCompile Include="StringCRC.cpp">
      <Filter>String</Filter>
    </ClCompile>
    <ClCompile Include="String.cpp">
      <Filter>String</Filter>
    </ClCompile>
    <ClCompile Include="IMG_tga.cpp" />
    <ClCompile Include="ResourceSerializer.cpp" />
    <ClCompile Include="_win\Time.cpp">
      <Filter>_win</Filter>
    </ClCompile>
    <ClCompile Include="LuaVM.cpp" />
  </ItemGroup>
  <ItemGroup>
    <ClInclude Include="Timer.h" />
    <ClInclude Include="DArray.h">
      <Filter>Containers</Filter>
    </ClInclude>
    <ClInclude Include="ObjectPool.h">
      <Filter>Containers</Filter>
    </ClInclude>
    <ClInclude Include="LinkedList.h">
      <Filter>Containers</Filter>
    </ClInclude>
    <ClInclude Include="FileSystem.h" />
    <ClInclude Include="_win\FileSystem.h">
      <Filter>_win</Filter>
    </ClInclude>
    <ClInclude Include="Pair.h">
      <Filter>Containers</Filter>
    </ClInclude>
    <ClInclude Include="StringCRC.h">
      <Filter>String</Filter>
    </ClInclude>
    <ClInclude Include="StringUtils.h">
      <Filter>String</Filter>
    </ClInclude>
    <ClInclude Include="String.h">
      <Filter>String</Filter>
    </ClInclude>
    <ClInclude Include="IMG_tga.h" />
    <ClInclude Include="ResourceSerializer.h" />
    <ClInclude Include="StringUtil.h" />
    <ClInclude Include="_win\Time.h">
      <Filter>_win</Filter>
    </ClInclude>
    <ClInclude Include="Time.h" />
    <ClInclude Include="LuaVM.h" />
  </ItemGroup>
  <ItemGroup>
    <Filter Include="Containers">
      <UniqueIdentifier>{2d68e2d4-13cf-443a-9f0b-05c1cbc82f06}</UniqueIdentifier>
    </Filter>
    <Filter Include="_win">
      <UniqueIdentifier>{1b7d4849-f833-498b-ae81-9c450ac40839}</UniqueIdentifier>
    </Filter>
    <Filter Include="String">
      <UniqueIdentifier>{1bef1a79-2974-4e25-be9a-553b3fd919ec}</UniqueIdentifier>
    </Filter>
  </ItemGroup>
</Project>